
Microsoft Visual Studio Solution File, Format Version 12.00
# Visual Studio Version 16
VisualStudioVersion = 16.0.29806.167
MinimumVisualStudioVersion = 10.0.40219.1
Project("{FAE04EC0-301F-11D3-BF4B-00C04F79EFBC}") = "ApiWithToken", "ApiWithToken\ApiWithToken.csproj", "{1F6EA624-C24B-4654-99D0-57D68B2D5776}"
EndProject
Global
	GlobalSection(SolutionConfigurationPlatforms) = preSolution
		Debug|Any CPU = Debug|Any CPU
		Release|Any CPU = Release|Any CPU
	EndGlobalSection
	GlobalSection(ProjectConfigurationPlatforms) = postSolution
		{1F6EA624-C24B-4654-99D0-57D68B2D5776}.Debug|Any CPU.ActiveCfg = Debug|Any CPU
		{1F6EA624-C24B-4654-99D0-57D68B2D5776}.Debug|Any CPU.Build.0 = Debug|Any CPU
		{1F6EA624-C24B-4654-99D0-57D68B2D5776}.Release|Any CPU.ActiveCfg = Release|Any CPU
		{1F6EA624-C24B-4654-99D0-57D68B2D5776}.Release|Any CPU.Build.0 = Release|Any CPU
	EndGlobalSection
	GlobalSection(SolutionProperties) = preSolution
		HideSolutionNode = FALSE
	EndGlobalSection
	GlobalSection(ExtensibilityGlobals) = postSolution
		SolutionGuid = {6032B3A3-D5E9-4369-B4EC-47672D649FB2}
	EndGlobalSection
EndGlobal
